
Microsoft Visual Studio Solution File, Format Version 12.00
# Visual Studio Version 17
VisualStudioVersion = 17.11.35208.52
MinimumVisualStudioVersion = 10.0.40219.1
Project("{FAE04EC0-301F-11D3-BF4B-00C04F79EFBC}") = "undo the spire2", "undo the spire2\undo the spire2.csproj", "{32C7BC37-430A-4BBB-B90A-BB636E6D4F22}"
EndProject
Global
	GlobalSection(SolutionConfigurationPlatforms) = preSolution
		Debug|Any CPU = Debug|Any CPU
		Release|Any CPU = Release|Any CPU
	EndGlobalSection
	GlobalSection(ProjectConfigurationPlatforms) = postSolution
		{32C7BC37-430A-4BBB-B90A-BB636E6D4F22}.Debug|Any CPU.ActiveCfg = Debug|Any CPU
		{32C7BC37-430A-4BBB-B90A-BB636E6D4F22}.Debug|Any CPU.Build.0 = Debug|Any CPU
		{32C7BC37-430A-4BBB-B90A-BB636E6D4F22}.Release|Any CPU.ActiveCfg = Release|Any CPU
		{32C7BC37-430A-4BBB-B90A-BB636E6D4F22}.Release|Any CPU.Build.0 = Release|Any CPU
	EndGlobalSection
	GlobalSection(SolutionProperties) = preSolution
		HideSolutionNode = FALSE
	EndGlobalSection
	GlobalSection(ExtensibilityGlobals) = postSolution
		SolutionGuid = {C8C6A1C5-B3E2-41F6-B73F-716F5539D96E}
	EndGlobalSection
EndGlobal
